
Microsoft Visual Studio Solution File, Format Version 12.00
# Visual Studio 15
VisualStudioVersion = 15.0.28010.2050
MinimumVisualStudioVersion = 10.0.40219.1
Project("{FAE04EC0-301F-11D3-BF4B-00C04F79EFBC}") = "SharingIsCaring", "SharingIsCaring\SharingIsCaring.csproj", "{32EFF87B-0A09-48A3-852F-368C8FC7311A}"
EndProject
Global
	GlobalSection(SolutionConfigurationPlatforms) = preSolution
		Debug|Any CPU = Debug|Any CPU
		Release|Any CPU = Release|Any CPU
	EndGlobalSection
	GlobalSection(ProjectConfigurationPlatforms) = postSolution
		{32EFF87B-0A09-48A3-852F-368C8FC7311A}.Debug|Any CPU.ActiveCfg = Debug|Any CPU
		{32EFF87B-0A09-48A3-852F-368C8FC7311A}.Debug|Any CPU.Build.0 = Debug|Any CPU
		{32EFF87B-0A09-48A3-852F-368C8FC7311A}.Release|Any CPU.ActiveCfg = Release|Any CPU
		{32EFF87B-0A09-48A3-852F-368C8FC7311A}.Release|Any CPU.Build.0 = Release|Any CPU
	EndGlobalSection
	GlobalSection(SolutionProperties) = preSolution
		HideSolutionNode = FALSE
	EndGlobalSection
	GlobalSection(ExtensibilityGlobals) = postSolution
		SolutionGuid = {DE3EE515-8EFC-4E90-AF18-49FE2728B5AD}
	EndGlobalSection
EndGlobal
